ninja==1.13.0 \
    --hash=sha256:fb46acf6b93b8dd0322adc3a4945452a4e774b75b91293bafcc7b7f8e6517dfa
packaging==26.2 \
    --hash=sha256:5fc45236b9446107ff2415ce77c807cee2862cb6fac22b8a73826d0693b0980e
setuptools==80.10.2 \
    --hash=sha256:95b30ddfb717250ed492926c92b5221f7ef3fbcc2b07579bcd4a27da21d0173
setuptools-scm==10.2.1 \
    --hash=sha256:b7c82f4102d389ee57dc66ccdb4f9b4bca3c40ba83b43f1f63d68ccd72db2580
vcs-versioning==2.3.1 \
    --hash=sha256:806635bd0ea653c96af98a70624be758d408a989f2cd0b390e63474d99f96b63 \
    --hash=sha256:a11299394e101569a62ab061375260d08bc56cd33d685b7067d85312368f4457
wheel==0.47.0 \
    --hash=sha256:212281cab4dff978f6cedd499cd893e1f620791ca6ff7107cf270781e587eced
